
Microsoft Visual Studio Solution File, Format Version 12.00
# Visual Studio Version 17
VisualStudioVersion = 17.13.35931.197 d17.13
MinimumVisualStudioVersion = 10.0.40219.1
Project("{FAE04EC0-301F-11D3-BF4B-00C04F79EFBC}") = "InstantRepair", "InstantRepair.csproj", "{13B219FA-8BB9-44E5-BEE2-A59FE0EAA2AE}"
EndProject
Global
	GlobalSection(SolutionConfigurationPlatforms) = preSolution
		Debug|Any CPU = Debug|Any CPU
		Release|Any CPU = Release|Any CPU
	EndGlobalSection
	GlobalSection(ProjectConfigurationPlatforms) = postSolution
		{13B219FA-8BB9-44E5-BEE2-A59FE0EAA2AE}.Debug|Any CPU.ActiveCfg = Debug|Any CPU
		{13B219FA-8BB9-44E5-BEE2-A59FE0EAA2AE}.Debug|Any CPU.Build.0 = Debug|Any CPU
		{13B219FA-8BB9-44E5-BEE2-A59FE0EAA2AE}.Release|Any CPU.ActiveCfg = Release|Any CPU
		{13B219FA-8BB9-44E5-BEE2-A59FE0EAA2AE}.Release|Any CPU.Build.0 = Release|Any CPU
	EndGlobalSection
	GlobalSection(SolutionProperties) = preSolution
		HideSolutionNode = FALSE
	EndGlobalSection
	GlobalSection(ExtensibilityGlobals) = postSolution
		SolutionGuid = {65DAA55F-FB91-4136-8539-7682D598B791}
	EndGlobalSection
EndGlobal
